
Microsoft Visual Studio Solution File, Format Version 12.00
# Visual Studio Version 17
VisualStudioVersion = 17.7.34003.232
MinimumVisualStudioVersion = 10.0.40219.1
Project("{FAE04EC0-301F-11D3-BF4B-00C04F79EFBC}") = "GUI", "GUI\GUI.csproj", "{212A040B-BD9B-4059-84E8-44260A3ABD41}"
EndProject
Project("{FAE04EC0-301F-11D3-BF4B-00C04F79EFBC}") = "DTO", "DTO\DTO.csproj", "{7637E71B-B185-436C-9B66-33C22079E60E}"
EndProject
Project("{FAE04EC0-301F-11D3-BF4B-00C04F79EFBC}") = "DAL", "DAL\DAL.csproj", "{156F24FE-21E8-4ADB-AB85-B96E85672459}"
EndProject
Project("{FAE04EC0-301F-11D3-BF4B-00C04F79EFBC}") = "BLL", "BLL\BLL.csproj", "{01EECC7D-8864-4A36-B20B-7D0DCED381C4}"
EndProject
Global
	GlobalSection(SolutionConfigurationPlatforms) = preSolution
		Debug|Any CPU = Debug|Any CPU
		Release|Any CPU = Release|Any CPU
	EndGlobalSection
	GlobalSection(ProjectConfigurationPlatforms) = postSolution
		{212A040B-BD9B-4059-84E8-44260A3ABD41}.Debug|Any CPU.ActiveCfg = Debug|Any CPU
		{212A040B-BD9B-4059-84E8-44260A3ABD41}.Debug|Any CPU.Build.0 = Debug|Any CPU
		{212A040B-BD9B-4059-84E8-44260A3ABD41}.Release|Any CPU.ActiveCfg = Release|Any CPU
		{212A040B-BD9B-4059-84E8-44260A3ABD41}.Release|Any CPU.Build.0 = Release|Any CPU
		{7637E71B-B185-436C-9B66-33C22079E60E}.Debug|Any CPU.ActiveCfg = Debug|Any CPU
		{7637E71B-B185-436C-9B66-33C22079E60E}.Debug|Any CPU.Build.0 = Debug|Any CPU
		{7637E71B-B185-436C-9B66-33C22079E60E}.Release|Any CPU.ActiveCfg = Release|Any CPU
		{7637E71B-B185-436C-9B66-33C22079E60E}.Release|Any CPU.Build.0 = Release|Any CPU
		{156F24FE-21E8-4ADB-AB85-B96E85672459}.Debug|Any CPU.ActiveCfg = Debug|Any CPU
		{156F24FE-21E8-4ADB-AB85-B96E85672459}.Debug|Any CPU.Build.0 = Debug|Any CPU
		{156F24FE-21E8-4ADB-AB85-B96E85672459}.Release|Any CPU.ActiveCfg = Release|Any CPU
		{156F24FE-21E8-4ADB-AB85-B96E85672459}.Release|Any CPU.Build.0 = Release|Any CPU
		{01EECC7D-8864-4A36-B20B-7D0DCED381C4}.Debug|Any CPU.ActiveCfg = Debug|Any CPU
		{01EECC7D-8864-4A36-B20B-7D0DCED381C4}.Debug|Any CPU.Build.0 = Debug|Any CPU
		{01EECC7D-8864-4A36-B20B-7D0DCED381C4}.Release|Any CPU.ActiveCfg = Release|Any CPU
		{01EECC7D-8864-4A36-B20B-7D0DCED381C4}.Release|Any CPU.Build.0 = Release|Any CPU
	EndGlobalSection
	GlobalSection(SolutionProperties) = preSolution
		HideSolutionNode = FALSE
	EndGlobalSection
	GlobalSection(ExtensibilityGlobals) = postSolution
		SolutionGuid = {41D0BB55-3885-46F8-94B8-EEE7592EAF78}
	EndGlobalSection
EndGlobal
